<?xml version="1.0" encoding="utf-8"?>
<Project ToolsVersion="4.0" xmlns="http://schemas.microsoft.com/developer/msbuild/2003">
  <ItemGroup>
    <ClInclude Include="Http.BodyChunksFrame.h">
      <Filter>Http</Filter>
    </ClInclude>
    <ClInclude Include="Http.BodyFrame.h">
      <Filter>Http</Filter>
    </ClInclude>
    <ClInclude Include="Http.HeadersFrame.h">
      <Filter>Http</Filter>
    </ClInclude>
    <ClInclude Include="Http.RequestFrame.h">
      <Filter>Http</Filter>
    </ClInclude>
    <ClInclude Include="Http.UrlDecoder.h">
      <Filter>Http</Filter>
    </ClInclude>
    <ClInclude Include="Html.ByteStreamDecoder.h">
      <Filter>Html</Filter>
    </ClInclude>
    <ClInclude Include="Html.CharacterReferenceFrame.h">
      <Filter>Html</Filter>
    </ClInclude>
    <ClInclude Include="Html.CharacterToken.h">
      <Filter>Html</Filter>
    </ClInclude>
    <ClInclude Include="Html.CommentToken.h">
      <Filter>Html</Filter>
    </ClInclude>
    <ClInclude Include="Html.DocTypeToken.h">
      <Filter>Html</Filter>
    </ClInclude>
    <ClInclude Include="Html.EndOfFileToken.h">
      <Filter>Html</Filter>
    </ClInclude>
    <ClInclude Include="Html.EndTagToken.h">
      <Filter>Html</Filter>
    </ClInclude>
    <ClInclude Include="Html.InputStreamPreprocessor.h">
      <Filter>Html</Filter>
    </ClInclude>
    <ClInclude Include="Html.Node.h">
      <Filter>Html</Filter>
    </ClInclude>
    <ClInclude Include="Html.Parser.h">
      <Filter>Html</Filter>
    </ClInclude>
    <ClInclude Include="Html.StartTagToken.h">
      <Filter>Html</Filter>
    </ClInclude>
    <ClInclude Include="Html.Token.h">
      <Filter>Html</Filter>
    </ClInclude>
    <ClInclude Include="Html.Tokenizer.h">
      <Filter>Html</Filter>
    </ClInclude>
    <ClInclude Include="Html.TreeConstruction.h">
      <Filter>Html</Filter>
    </ClInclude>
    <ClInclude Include="Tls.AlertFrame.h">
      <Filter>Tls</Filter>
    </ClInclude>
    <ClInclude Include="Tls.AlertProtocol.h">
      <Filter>Tls</Filter>
    </ClInclude>
    <ClInclude Include="Tls.CertificateStatusRequestFrame.h">
      <Filter>Tls</Filter>
    </ClInclude>
    <ClInclude Include="Tls.ClientHelloFrame.h">
      <Filter>Tls</Filter>
    </ClInclude>
    <ClInclude Include="Tls.ConnectionState.h">
      <Filter>Tls</Filter>
    </ClInclude>
    <ClInclude Include="Tls.HandshakeFrame.h">
      <Filter>Tls</Filter>
    </ClInclude>
    <ClInclude Include="Tls.HandshakeProtocol.h">
      <Filter>Tls</Filter>
    </ClInclude>
    <ClInclude Include="Tls.OCSPStatusRequestFrame.h">
      <Filter>Tls</Filter>
    </ClInclude>
    <ClInclude Include="Tls.PreMasterSecretFrame.h">
      <Filter>Tls</Filter>
    </ClInclude>
    <ClInclude Include="Tls.RandomFrame.h">
      <Filter>Tls</Filter>
    </ClInclude>
    <ClInclude Include="Tls.RecordFrame.h">
      <Filter>Tls</Filter>
    </ClInclude>
    <ClInclude Include="Tls.RecordLayer.h">
      <Filter>Tls</Filter>
    </ClInclude>
    <ClInclude Include="Tls.SecurityParameters.h">
      <Filter>Tls</Filter>
    </ClInclude>
    <ClInclude Include="Tls.ServerHelloFrame.h">
      <Filter>Tls</Filter>
    </ClInclude>
    <ClInclude Include="Tls.ServerNameFrame.h">
      <Filter>Tls</Filter>
    </ClInclude>
    <ClInclude Include="Html.TextNode.h">
      <Filter>Html</Filter>
    </ClInclude>
    <ClInclude Include="Html.ElementNode.h">
      <Filter>Html</Filter>
    </ClInclude>
    <ClInclude Include="Html.TagToken.h">
      <Filter>Html</Filter>
    </ClInclude>
    <ClInclude Include="Html.Document.h">
      <Filter>Html</Filter>
    </ClInclude>
    <ClInclude Include="Html.CommentNode.h">
      <Filter>Html</Filter>
    </ClInclude>
    <ClInclude Include="Html.DocumentTypeNode.h">
      <Filter>Html</Filter>
    </ClInclude>
    <ClInclude Include="Html.ElementName.h">
      <Filter>Html</Filter>
    </ClInclude>
    <ClInclude Include="Html.FormattingElement.h">
      <Filter>Html</Filter>
    </ClInclude>
    <ClInclude Include="Json.ByteStreamDecoder.h">
      <Filter>Json</Filter>
    </ClInclude>
    <ClInclude Include="Json.Parser.h">
      <Filter>Json</Filter>
    </ClInclude>
    <ClInclude Include="Json.Tokenizer.h">
      <Filter>Json</Filter>
    </ClInclude>
    <ClInclude Include="Basic.HashAlgorithm.h">
      <Filter>Basic</Filter>
    </ClInclude>
    <ClInclude Include="Basic.HashStream.h">
      <Filter>Basic</Filter>
    </ClInclude>
    <ClInclude Include="Basic.HexNumberStream.h">
      <Filter>Basic</Filter>
    </ClInclude>
    <ClInclude Include="Basic.Hold.h">
      <Filter>Basic</Filter>
    </ClInclude>
    <ClInclude Include="Basic.IBufferedStream.h">
      <Filter>Basic</Filter>
    </ClInclude>
    <ClInclude Include="Basic.IStream.h">
      <Filter>Basic</Filter>
    </ClInclude>
    <ClInclude Include="Basic.ListenSocket.h">
      <Filter>Basic</Filter>
    </ClInclude>
    <ClInclude Include="Basic.Lock.h">
      <Filter>Basic</Filter>
    </ClInclude>
    <ClInclude Include="Basic.LogFile.h">
      <Filter>Basic</Filter>
    </ClInclude>
    <ClInclude Include="Basic.MemoryRange.h">
      <Filter>Basic</Filter>
    </ClInclude>
    <ClInclude Include="Basic.NameValueCollection.h">
      <Filter>Basic</Filter>
    </ClInclude>
    <ClInclude Include="Basic.Socket.h">
      <Filter>Basic</Filter>
    </ClInclude>
    <ClInclude Include="Basic.StreamFrame.h">
      <Filter>Basic</Filter>
    </ClInclude>
    <ClInclude Include="Basic.String.h">
      <Filter>Basic</Filter>
    </ClInclude>
    <ClInclude Include="Basic.TextWriter.h">
      <Filter>Basic</Filter>
    </ClInclude>
    <ClInclude Include="Basic.ClientSocket.h">
      <Filter>Basic</Filter>
    </ClInclude>
    <ClInclude Include="Basic.Cng.h">
      <Filter>Basic</Filter>
    </ClInclude>
    <ClInclude Include="Basic.CommandFrame.h">
      <Filter>Basic</Filter>
    </ClInclude>
    <ClInclude Include="Basic.ConnectedSocket.h">
      <Filter>Basic</Filter>
    </ClInclude>
    <ClInclude Include="Basic.Console.h">
      <Filter>Basic</Filter>
    </ClInclude>
    <ClInclude Include="Basic.CountStream.h">
      <Filter>Basic</Filter>
    </ClInclude>
    <ClInclude Include="Basic.DecNumberStream.h">
      <Filter>Basic</Filter>
    </ClInclude>
    <ClInclude Include="Basic.Globals.h">
      <Filter>Basic</Filter>
    </ClInclude>
    <ClInclude Include="Basic.Types.h">
      <Filter>Basic</Filter>
    </ClInclude>
    <ClInclude Include="Tls.Globals.h">
      <Filter>Tls</Filter>
    </ClInclude>
    <ClInclude Include="Tls.Types.h">
      <Filter>Tls</Filter>
    </ClInclude>
    <ClInclude Include="Json.Globals.h">
      <Filter>Json</Filter>
    </ClInclude>
    <ClInclude Include="Json.Types.h">
      <Filter>Json</Filter>
    </ClInclude>
    <ClInclude Include="Http.Globals.h">
      <Filter>Http</Filter>
    </ClInclude>
    <ClInclude Include="Http.Types.h">
      <Filter>Http</Filter>
    </ClInclude>
    <ClInclude Include="Html.Globals.h">
      <Filter>Html</Filter>
    </ClInclude>
    <ClInclude Include="Html.Types.h">
      <Filter>Html</Filter>
    </ClInclude>
    <ClInclude Include="Basic.Utf8Decoder.h">
      <Filter>Basic</Filter>
    </ClInclude>
    <ClInclude Include="Json.Text.h">
      <Filter>Json</Filter>
    </ClInclude>
    <ClInclude Include="Json.ObjectFrame.h">
      <Filter>Json</Filter>
    </ClInclude>
    <ClInclude Include="Json.ValueFrame.h">
      <Filter>Json</Filter>
    </ClInclude>
    <ClInclude Include="Json.ArrayFrame.h">
      <Filter>Json</Filter>
    </ClInclude>
    <ClInclude Include="Basic.IDecoder.h">
      <Filter>Basic</Filter>
    </ClInclude>
    <ClInclude Include="Basic.IgnoreFrame.h">
      <Filter>Basic</Filter>
    </ClInclude>
    <ClInclude Include="Http.LengthBodyFrame.h">
      <Filter>Http</Filter>
    </ClInclude>
    <ClInclude Include="Http.DisconnectBodyFrame.h">
      <Filter>Http</Filter>
    </ClInclude>
    <ClInclude Include="Tls.ExtensionHeaderFrame.h">
      <Filter>Tls</Filter>
    </ClInclude>
    <ClInclude Include="Basic.ServerSocket.h">
      <Filter>Basic</Filter>
    </ClInclude>
    <ClInclude Include="Http.ResponseHeadersFrame.h">
      <Filter>Http</Filter>
    </ClInclude>
    <ClInclude Include="Basic.Event.h">
      <Filter>Basic</Filter>
    </ClInclude>
    <ClInclude Include="Basic.Frame.h">
      <Filter>Basic</Filter>
    </ClInclude>
    <ClInclude Include="Basic.FrameStream.h">
      <Filter>Basic</Filter>
    </ClInclude>
    <ClInclude Include="Basic.IElementSource.h">
      <Filter>Basic</Filter>
    </ClInclude>
    <ClInclude Include="Basic.ElementSource.h">
      <Filter>Basic</Filter>
    </ClInclude>
    <ClInclude Include="Basic.SingleByteDecoder.h">
      <Filter>Basic</Filter>
    </ClInclude>
    <ClInclude Include="Basic.MatchFrame.h">
      <Filter>Basic</Filter>
    </ClInclude>
    <ClInclude Include="Basic.SingleByteEncoder.h">
      <Filter>Basic</Filter>
    </ClInclude>
    <ClInclude Include="Web.Form.h">
      <Filter>Web</Filter>
    </ClInclude>
    <ClInclude Include="Web.Page.h">
      <Filter>Web</Filter>
    </ClInclude>
    <ClInclude Include="Web.Link.h">
      <Filter>Web</Filter>
    </ClInclude>
    <ClInclude Include="Basic.Uri.h">
      <Filter>Basic</Filter>
    </ClInclude>
    <ClInclude Include="Http.CookieParser.h">
      <Filter>Http</Filter>
    </ClInclude>
    <ClInclude Include="Basic.IDecoderFactory.h">
      <Filter>Basic</Filter>
    </ClInclude>
    <ClInclude Include="Basic.IEncoder.h">
      <Filter>Basic</Filter>
    </ClInclude>
    <ClInclude Include="Basic.IEncoderFactory.h">
      <Filter>Basic</Filter>
    </ClInclude>
    <ClInclude Include="Basic.ISingleByteEncodingIndex.h">
      <Filter>Basic</Filter>
    </ClInclude>
    <ClInclude Include="Basic.Utf8Encoder.h">
      <Filter>Basic</Filter>
    </ClInclude>
    <ClInclude Include="Basic.SingleByteEncodingIndex.h">
      <Filter>Basic</Filter>
    </ClInclude>
    <ClInclude Include="Basic.IProcess.h">
      <Filter>Basic</Filter>
    </ClInclude>
    <ClInclude Include="Basic.IEvent.h">
      <Filter>Basic</Filter>
    </ClInclude>
    <ClInclude Include="Json.Script.h">
      <Filter>Json</Filter>
    </ClInclude>
    <ClInclude Include="Json.ScriptFrame.h">
      <Filter>Json</Filter>
    </ClInclude>
    <ClInclude Include="Basic.Utf32LittleEndianDecoder.h">
      <Filter>Basic</Filter>
    </ClInclude>
    <ClInclude Include="Basic.INumberStream.h">
      <Filter>Basic</Filter>
    </ClInclude>
    <ClInclude Include="Basic.SuffixArray.h">
      <Filter>Basic</Filter>
    </ClInclude>
    <ClInclude Include="Tls.ClientHandshake.h">
      <Filter>Tls</Filter>
    </ClInclude>
    <ClInclude Include="Tls.ServerHandshake.h">
      <Filter>Tls</Filter>
    </ClInclude>
    <ClInclude Include="Basic.IErrorHandler.h">
      <Filter>Basic</Filter>
    </ClInclude>
    <ClInclude Include="Http.MediaTypeStream.h">
      <Filter>Http</Filter>
    </ClInclude>
    <ClInclude Include="Http.MediaType.h">
      <Filter>Http</Filter>
    </ClInclude>
    <ClInclude Include="Basic.ICompletionQueue.h">
      <Filter>Basic</Filter>
    </ClInclude>
    <ClInclude Include="Tls.ICertificate.h">
      <Filter>Tls</Filter>
    </ClInclude>
    <ClInclude Include="Basic.TextSanitizer.h">
      <Filter>Basic</Filter>
    </ClInclude>
    <ClInclude Include="Web.Client.h">
      <Filter>Web</Filter>
    </ClInclude>
    <ClInclude Include="Web.Proxy.h">
      <Filter>Web</Filter>
    </ClInclude>
    <ClInclude Include="Web.Server.h">
      <Filter>Web</Filter>
    </ClInclude>
    <ClInclude Include="Web.Globals.h">
      <Filter>Web</Filter>
    </ClInclude>
    <ClInclude Include="Service.AdminProtocol.h">
      <Filter>Service</Filter>
    </ClInclude>
    <ClInclude Include="Service.Globals.h">
      <Filter>Service</Filter>
    </ClInclude>
    <ClInclude Include="Service.HtmlNamedCharacterReferences.h">
      <Filter>Service</Filter>
    </ClInclude>
    <ClInclude Include="Service.HttpServer.h">
      <Filter>Service</Filter>
    </ClInclude>
    <ClInclude Include="Service.StandardEncodings.h">
      <Filter>Service</Filter>
    </ClInclude>
    <ClInclude Include="Service.StandardSingleByteEncoding.h">
      <Filter>Service</Filter>
    </ClInclude>
    <ClInclude Include="Service.Types.h">
      <Filter>Service</Filter>
    </ClInclude>
    <ClInclude Include="Tls.HeartbeatExtensionFrame.h">
      <Filter>Tls</Filter>
    </ClInclude>
    <ClInclude Include="Tls.HeartbeatMessageFrame.h">
      <Filter>Tls</Filter>
    </ClInclude>
    <ClInclude Include="Tls.HeartbeatProtocol.h">
      <Filter>Tls</Filter>
    </ClInclude>
    <ClInclude Include="Ftp.Server.h">
      <Filter>Ftp</Filter>
    </ClInclude>
    <ClInclude Include="Service.Endpoint.h">
      <Filter>Service</Filter>
    </ClInclude>
    <ClInclude Include="Ftp.Globals.h">
      <Filter>Ftp</Filter>
    </ClInclude>
    <ClInclude Include="Tls.SignatureAndHashAlgorithmFrame.h">
      <Filter>Tls</Filter>
    </ClInclude>
    <ClInclude Include="stdafx.h">
      <Filter>Project</Filter>
    </ClInclude>
    <ClInclude Include="Basic.LogStream.h">
      <Filter>Basic</Filter>
    </ClInclude>
    <ClInclude Include="Basic.IStreamWriter.h">
      <Filter>Basic</Filter>
    </ClInclude>
    <ClInclude Include="Basic.ICompleter.h">
      <Filter>Basic</Filter>
    </ClInclude>
    <ClInclude Include="Basic.Job.h">
      <Filter>Basic</Filter>
    </ClInclude>
  </ItemGroup>
  <ItemGroup>
    <ClCompile Include="Http.BodyChunksFrame.cpp">
      <Filter>Http</Filter>
    </ClCompile>
    <ClCompile Include="Http.BodyFrame.cpp">
      <Filter>Http</Filter>
    </ClCompile>
    <ClCompile Include="Http.HeadersFrame.cpp">
      <Filter>Http</Filter>
    </ClCompile>
    <ClCompile Include="Http.RequestFrame.cpp">
      <Filter>Http</Filter>
    </ClCompile>
    <ClCompile Include="Http.UrlDecoder.cpp">
      <Filter>Http</Filter>
    </ClCompile>
    <ClCompile Include="Html.ByteStreamDecoder.cpp">
      <Filter>Html</Filter>
    </ClCompile>
    <ClCompile Include="Html.CharacterReferenceFrame.cpp">
      <Filter>Html</Filter>
    </ClCompile>
    <ClCompile Include="Html.CharacterToken.cpp">
      <Filter>Html</Filter>
    </ClCompile>
    <ClCompile Include="Html.CommentToken.cpp">
      <Filter>Html</Filter>
    </ClCompile>
    <ClCompile Include="Html.DocTypeToken.cpp">
      <Filter>Html</Filter>
    </ClCompile>
    <ClCompile Include="Html.EndOfFileToken.cpp">
      <Filter>Html</Filter>
    </ClCompile>
    <ClCompile Include="Html.EndTagToken.cpp">
      <Filter>Html</Filter>
    </ClCompile>
    <ClCompile Include="Html.InputStreamPreprocessor.cpp">
      <Filter>Html</Filter>
    </ClCompile>
    <ClCompile Include="Html.Node.cpp">
      <Filter>Html</Filter>
    </ClCompile>
    <ClCompile Include="Html.Parser.cpp">
      <Filter>Html</Filter>
    </ClCompile>
    <ClCompile Include="Html.StartTagToken.cpp">
      <Filter>Html</Filter>
    </ClCompile>
    <ClCompile Include="Html.Token.cpp">
      <Filter>Html</Filter>
    </ClCompile>
    <ClCompile Include="Html.Tokenizer.cpp">
      <Filter>Html</Filter>
    </ClCompile>
    <ClCompile Include="Html.TreeConstruction.cpp">
      <Filter>Html</Filter>
    </ClCompile>
    <ClCompile Include="Tls.AlertFrame.cpp">
      <Filter>Tls</Filter>
    </ClCompile>
    <ClCompile Include="Tls.AlertProtocol.cpp">
      <Filter>Tls</Filter>
    </ClCompile>
    <ClCompile Include="Tls.CertificateStatusRequestFrame.cpp">
      <Filter>Tls</Filter>
    </ClCompile>
    <ClCompile Include="Tls.ClientHelloFrame.cpp">
      <Filter>Tls</Filter>
    </ClCompile>
    <ClCompile Include="Tls.ConnectionState.cpp">
      <Filter>Tls</Filter>
    </ClCompile>
    <ClCompile Include="Tls.HandshakeFrame.cpp">
      <Filter>Tls</Filter>
    </ClCompile>
    <ClCompile Include="Tls.HandshakeProtocol.cpp">
      <Filter>Tls</Filter>
    </ClCompile>
    <ClCompile Include="Tls.OCSPStatusRequestFrame.cpp">
      <Filter>Tls</Filter>
    </ClCompile>
    <ClCompile Include="Tls.PreMasterSecretFrame.cpp">
      <Filter>Tls</Filter>
    </ClCompile>
    <ClCompile Include="Tls.RandomFrame.cpp">
      <Filter>Tls</Filter>
    </ClCompile>
    <ClCompile Include="Tls.RecordFrame.cpp">
      <Filter>Tls</Filter>
    </ClCompile>
    <ClCompile Include="Tls.RecordLayer.cpp">
      <Filter>Tls</Filter>
    </ClCompile>
    <ClCompile Include="Tls.SecurityParameters.cpp">
      <Filter>Tls</Filter>
    </ClCompile>
    <ClCompile Include="Tls.ServerHelloFrame.cpp">
      <Filter>Tls</Filter>
    </ClCompile>
    <ClCompile Include="Tls.ServerNameFrame.cpp">
      <Filter>Tls</Filter>
    </ClCompile>
    <ClCompile Include="Html.TextNode.cpp">
      <Filter>Html</Filter>
    </ClCompile>
    <ClCompile Include="Html.ElementNode.cpp">
      <Filter>Html</Filter>
    </ClCompile>
    <ClCompile Include="Html.TagToken.cpp">
      <Filter>Html</Filter>
    </ClCompile>
    <ClCompile Include="Html.Document.cpp">
      <Filter>Html</Filter>
    </ClCompile>
    <ClCompile Include="Html.CommentNode.cpp">
      <Filter>Html</Filter>
    </ClCompile>
    <ClCompile Include="Html.DocumentTypeNode.cpp">
      <Filter>Html</Filter>
    </ClCompile>
    <ClCompile Include="Html.ElementName.cpp">
      <Filter>Html</Filter>
    </ClCompile>
    <ClCompile Include="Html.FormattingElement.cpp">
      <Filter>Html</Filter>
    </ClCompile>
    <ClCompile Include="Json.ByteStreamDecoder.cpp">
      <Filter>Json</Filter>
    </ClCompile>
    <ClCompile Include="Json.Parser.cpp">
      <Filter>Json</Filter>
    </ClCompile>
    <ClCompile Include="Json.Tokenizer.cpp">
      <Filter>Json</Filter>
    </ClCompile>
    <ClCompile Include="Basic.HashAlgorithm.cpp">
      <Filter>Basic</Filter>
    </ClCompile>
    <ClCompile Include="Basic.HashStream.cpp">
      <Filter>Basic</Filter>
    </ClCompile>
    <ClCompile Include="Basic.ListenSocket.cpp">
      <Filter>Basic</Filter>
    </ClCompile>
    <ClCompile Include="Basic.LogFile.cpp">
      <Filter>Basic</Filter>
    </ClCompile>
    <ClCompile Include="Basic.MemoryRange.cpp">
      <Filter>Basic</Filter>
    </ClCompile>
    <ClCompile Include="Basic.Socket.cpp">
      <Filter>Basic</Filter>
    </ClCompile>
    <ClCompile Include="Basic.TextWriter.cpp">
      <Filter>Basic</Filter>
    </ClCompile>
    <ClCompile Include="Basic.ClientSocket.cpp">
      <Filter>Basic</Filter>
    </ClCompile>
    <ClCompile Include="Basic.Cng.cpp">
      <Filter>Basic</Filter>
    </ClCompile>
    <ClCompile Include="Basic.ConnectedSocket.cpp">
      <Filter>Basic</Filter>
    </ClCompile>
    <ClCompile Include="Basic.Console.cpp">
      <Filter>Basic</Filter>
    </ClCompile>
    <ClCompile Include="Basic.CountStream.cpp">
      <Filter>Basic</Filter>
    </ClCompile>
    <ClCompile Include="Basic.Globals.cpp">
      <Filter>Basic</Filter>
    </ClCompile>
    <ClCompile Include="Tls.Globals.cpp">
      <Filter>Tls</Filter>
    </ClCompile>
    <ClCompile Include="Json.Globals.cpp">
      <Filter>Json</Filter>
    </ClCompile>
    <ClCompile Include="Http.Globals.cpp">
      <Filter>Http</Filter>
    </ClCompile>
    <ClCompile Include="Http.Types.cpp">
      <Filter>Http</Filter>
    </ClCompile>
    <ClCompile Include="Html.Globals.cpp">
      <Filter>Html</Filter>
    </ClCompile>
    <ClCompile Include="Html.Types.cpp">
      <Filter>Html</Filter>
    </ClCompile>
    <ClCompile Include="Basic.Utf8Decoder.cpp">
      <Filter>Basic</Filter>
    </ClCompile>
    <ClCompile Include="Json.Types.cpp">
      <Filter>Json</Filter>
    </ClCompile>
    <ClCompile Include="Json.Text.cpp">
      <Filter>Json</Filter>
    </ClCompile>
    <ClCompile Include="Json.ObjectFrame.cpp">
      <Filter>Json</Filter>
    </ClCompile>
    <ClCompile Include="Json.ValueFrame.cpp">
      <Filter>Json</Filter>
    </ClCompile>
    <ClCompile Include="Json.ArrayFrame.cpp">
      <Filter>Json</Filter>
    </ClCompile>
    <ClCompile Include="Basic.Types.cpp">
      <Filter>Basic</Filter>
    </ClCompile>
    <ClCompile Include="Http.LengthBodyFrame.cpp">
      <Filter>Http</Filter>
    </ClCompile>
    <ClCompile Include="Http.DisconnectBodyFrame.cpp">
      <Filter>Http</Filter>
    </ClCompile>
    <ClCompile Include="Tls.ExtensionHeaderFrame.cpp">
      <Filter>Tls</Filter>
    </ClCompile>
    <ClCompile Include="Basic.ServerSocket.cpp">
      <Filter>Basic</Filter>
    </ClCompile>
    <ClCompile Include="Http.ResponseHeadersFrame.cpp">
      <Filter>Http</Filter>
    </ClCompile>
    <ClCompile Include="Basic.SingleByteDecoder.cpp">
      <Filter>Basic</Filter>
    </ClCompile>
    <ClCompile Include="Basic.String.cpp">
      <Filter>Basic</Filter>
    </ClCompile>
    <ClCompile Include="Basic.SingleByteEncoder.cpp">
      <Filter>Basic</Filter>
    </ClCompile>
    <ClCompile Include="Web.Link.cpp">
      <Filter>Web</Filter>
    </ClCompile>
    <ClCompile Include="Web.Form.cpp">
      <Filter>Web</Filter>
    </ClCompile>
    <ClCompile Include="Web.Page.cpp">
      <Filter>Web</Filter>
    </ClCompile>
    <ClCompile Include="Basic.Event.cpp">
      <Filter>Basic</Filter>
    </ClCompile>
    <ClCompile Include="Basic.FrameStream.cpp">
      <Filter>Basic</Filter>
    </ClCompile>
    <ClCompile Include="Basic.Uri.cpp">
      <Filter>Basic</Filter>
    </ClCompile>
    <ClCompile Include="Http.CookieParser.cpp">
      <Filter>Http</Filter>
    </ClCompile>
    <ClCompile Include="Basic.Utf8Encoder.cpp">
      <Filter>Basic</Filter>
    </ClCompile>
    <ClCompile Include="Basic.SingleByteEncodingIndex.cpp">
      <Filter>Basic</Filter>
    </ClCompile>
    <ClCompile Include="Basic.Frame.cpp">
      <Filter>Basic</Filter>
    </ClCompile>
    <ClCompile Include="Tls.Types.cpp">
      <Filter>Tls</Filter>
    </ClCompile>
    <ClCompile Include="Json.Script.cpp">
      <Filter>Json</Filter>
    </ClCompile>
    <ClCompile Include="Json.ScriptFrame.cpp">
      <Filter>Json</Filter>
    </ClCompile>
    <ClCompile Include="Basic.Utf32LittleEndianDecoder.cpp">
      <Filter>Basic</Filter>
    </ClCompile>
    <ClCompile Include="Tls.ClientHandshake.cpp">
      <Filter>Tls</Filter>
    </ClCompile>
    <ClCompile Include="Tls.ServerHandshake.cpp">
      <Filter>Tls</Filter>
    </ClCompile>
    <ClCompile Include="Http.MediaTypeStream.cpp">
      <Filter>Http</Filter>
    </ClCompile>
    <ClCompile Include="Http.MediaType.cpp">
      <Filter>Http</Filter>
    </ClCompile>
    <ClCompile Include="Basic.TextSanitizer.cpp">
      <Filter>Basic</Filter>
    </ClCompile>
    <ClCompile Include="Web.Client.cpp">
      <Filter>Web</Filter>
    </ClCompile>
    <ClCompile Include="Web.Proxy.cpp">
      <Filter>Web</Filter>
    </ClCompile>
    <ClCompile Include="Web.Server.cpp">
      <Filter>Web</Filter>
    </ClCompile>
    <ClCompile Include="Web.Globals.cpp">
      <Filter>Web</Filter>
    </ClCompile>
    <ClCompile Include="Service.AdminProtocol.cpp">
      <Filter>Service</Filter>
    </ClCompile>
    <ClCompile Include="Service.Globals.cpp">
      <Filter>Service</Filter>
    </ClCompile>
    <ClCompile Include="Service.HtmlNamedCharacterReferences.cpp">
      <Filter>Service</Filter>
    </ClCompile>
    <ClCompile Include="Service.HttpServer.cpp">
      <Filter>Service</Filter>
    </ClCompile>
    <ClCompile Include="Service.StandardEncodings.cpp">
      <Filter>Service</Filter>
    </ClCompile>
    <ClCompile Include="Service.StandardSingleByteEncoding.cpp">
      <Filter>Service</Filter>
    </ClCompile>
    <ClCompile Include="Service.Types.cpp">
      <Filter>Service</Filter>
    </ClCompile>
    <ClCompile Include="Tls.HeartbeatExtensionFrame.cpp">
      <Filter>Tls</Filter>
    </ClCompile>
    <ClCompile Include="Tls.HeartbeatMessageFrame.cpp">
      <Filter>Tls</Filter>
    </ClCompile>
    <ClCompile Include="Tls.HeartbeatProtocol.cpp">
      <Filter>Tls</Filter>
    </ClCompile>
    <ClCompile Include="Ftp.Server.cpp">
      <Filter>Ftp</Filter>
    </ClCompile>
    <ClCompile Include="Service.Endpoint.cpp">
      <Filter>Service</Filter>
    </ClCompile>
    <ClCompile Include="Ftp.Globals.cpp">
      <Filter>Ftp</Filter>
    </ClCompile>
    <ClCompile Include="Tls.SignatureAndHashAlgorithmFrame.cpp">
      <Filter>Tls</Filter>
    </ClCompile>
    <ClCompile Include="stdafx.cpp">
      <Filter>Project</Filter>
    </ClCompile>
    <ClCompile Include="Basic.LogStream.cpp">
      <Filter>Basic</Filter>
    </ClCompile>
    <ClCompile Include="Basic.Job.cpp">
      <Filter>Basic</Filter>
    </ClCompile>
  </ItemGroup>
  <ItemGroup>
    <Filter Include="Http">
      <UniqueIdentifier>{d10d5628-3edd-4c93-ae40-75e3784562d2}</UniqueIdentifier>
    </Filter>
    <Filter Include="Html">
      <UniqueIdentifier>{53c08548-4202-47d2-b688-8741ba0f4b74}</UniqueIdentifier>
    </Filter>
    <Filter Include="Tls">
      <UniqueIdentifier>{033a611b-ef8c-4118-ad1f-ce9232469137}</UniqueIdentifier>
    </Filter>
    <Filter Include="Json">
      <UniqueIdentifier>{cec5af57-2ccf-40c0-b0f5-1f1d98606e6d}</UniqueIdentifier>
    </Filter>
    <Filter Include="Basic">
      <UniqueIdentifier>{4d0a37da-a37d-44fc-b2f8-74027fe13299}</UniqueIdentifier>
    </Filter>
    <Filter Include="Web">
      <UniqueIdentifier>{90e1b1f7-0996-4d2a-9e57-ba15f3acbfd2}</UniqueIdentifier>
    </Filter>
    <Filter Include="Service">
      <UniqueIdentifier>{e7ae404a-c6ee-4fba-ba6b-c933bffa4746}</UniqueIdentifier>
    </Filter>
    <Filter Include="Ftp">
      <UniqueIdentifier>{f1cde2ec-7922-489d-b99a-36299c66b895}</UniqueIdentifier>
    </Filter>
    <Filter Include="Project">
      <UniqueIdentifier>{3cc562fd-369c-4160-a320-5e75a28611dd}</UniqueIdentifier>
    </Filter>
    <Filter Include="Scrape">
      <UniqueIdentifier>{cf565a85-1976-47da-9117-b596f0b04460}</UniqueIdentifier>
    </Filter>
  </ItemGroup>
  <ItemGroup>
    <Text Include="LICENSE.txt">
      <Filter>Project</Filter>
    </Text>
    <Text Include="README.txt">
      <Filter>Project</Filter>
    </Text>
  </ItemGroup>
</Project>